
Microsoft Visual Studio Solution File, Format Version 12.00
# Visual Studio 15
VisualStudioVersion = 15.0.27130.2010
MinimumVisualStudioVersion = 10.0.40219.1
Project("{FAE04EC0-301F-11D3-BF4B-00C04F79EFBC}") = "EncontrarVogal", "EncontrarVogal\EncontrarVogal.csproj", "{D2FB46C5-4B0D-4CA0-8694-08F01E6F1737}"
EndProject
Global
	GlobalSection(SolutionConfigurationPlatforms) = preSolution
		Debug|Any CPU = Debug|Any CPU
		Release|Any CPU = Release|Any CPU
	EndGlobalSection
	GlobalSection(ProjectConfigurationPlatforms) = postSolution
		{D2FB46C5-4B0D-4CA0-8694-08F01E6F1737}.Debug|Any CPU.ActiveCfg = Debug|Any CPU
		{D2FB46C5-4B0D-4CA0-8694-08F01E6F1737}.Debug|Any CPU.Build.0 = Debug|Any CPU
		{D2FB46C5-4B0D-4CA0-8694-08F01E6F1737}.Release|Any CPU.ActiveCfg = Release|Any CPU
		{D2FB46C5-4B0D-4CA0-8694-08F01E6F1737}.Release|Any CPU.Build.0 = Release|Any CPU
	EndGlobalSection
	GlobalSection(SolutionProperties) = preSolution
		HideSolutionNode = FALSE
	EndGlobalSection
	GlobalSection(ExtensibilityGlobals) = postSolution
		SolutionGuid = {63BD6663-084A-4496-AC8F-B6F6356E338A}
	EndGlobalSection
EndGlobal
